
Microsoft Visual Studio Solution File, Format Version 12.00
# Visual Studio Version 17
VisualStudioVersion = 17.5.002.0
MinimumVisualStudioVersion = 10.0.40219.1
Project("{2150E333-8FDC-42A3-9474-1A3956D46DE8}") = "ChallengeProject", "ChallengeProject", "{13CA8375-4F2E-4B7C-BC18-ECBCD8CDD998}"
EndProject
Project("{9A19103F-16F7-4668-BE54-9A1E7A4F7556}") = "Final", "ChallengeProject\Final\Final.csproj", "{DEF045DA-D725-4FA1-B99F-4195FE22CC99}"
EndProject
Project("{9A19103F-16F7-4668-BE54-9A1E7A4F7556}") = "Starter", "ChallengeProject\Starter\Starter.csproj", "{CE17D000-7F65-4AD8-B958-279CC2FA1AB9}"
EndProject
Global
	GlobalSection(SolutionConfigurationPlatforms) = preSolution
		Debug|Any CPU = Debug|Any CPU
		Release|Any CPU = Release|Any CPU
	EndGlobalSection
	GlobalSection(ProjectConfigurationPlatforms) = postSolution
		{DEF045DA-D725-4FA1-B99F-4195FE22CC99}.Debug|Any CPU.ActiveCfg = Debug|Any CPU
		{DEF045DA-D725-4FA1-B99F-4195FE22CC99}.Debug|Any CPU.Build.0 = Debug|Any CPU
		{DEF045DA-D725-4FA1-B99F-4195FE22CC99}.Release|Any CPU.ActiveCfg = Release|Any CPU
		{DEF045DA-D725-4FA1-B99F-4195FE22CC99}.Release|Any CPU.Build.0 = Release|Any CPU
		{CE17D000-7F65-4AD8-B958-279CC2FA1AB9}.Debug|Any CPU.ActiveCfg = Debug|Any CPU
		{CE17D000-7F65-4AD8-B958-279CC2FA1AB9}.Debug|Any CPU.Build.0 = Debug|Any CPU
		{CE17D000-7F65-4AD8-B958-279CC2FA1AB9}.Release|Any CPU.ActiveCfg = Release|Any CPU
		{CE17D000-7F65-4AD8-B958-279CC2FA1AB9}.Release|Any CPU.Build.0 = Release|Any CPU
	EndGlobalSection
	GlobalSection(SolutionProperties) = preSolution
		HideSolutionNode = FALSE
	EndGlobalSection
	GlobalSection(NestedProjects) = preSolution
		{DEF045DA-D725-4FA1-B99F-4195FE22CC99} = {13CA8375-4F2E-4B7C-BC18-ECBCD8CDD998}
		{CE17D000-7F65-4AD8-B958-279CC2FA1AB9} = {13CA8375-4F2E-4B7C-BC18-ECBCD8CDD998}
	EndGlobalSection
	GlobalSection(ExtensibilityGlobals) = postSolution
		SolutionGuid = {B73788E0-15B6-450D-BB92-E8A721968185}
	EndGlobalSection
EndGlobal
